// !$*UTF8*$!
{
	archiveVersion = 1;
	classes = {
	};
	objectVersion = 55;
	objects = {

/* Begin PBXBuildFile section */
		2F0969FA288216C500200D45 /* Location.swift in Sources */ = {isa = PBXBuildFile; fileRef = 2F0969F9288216C500200D45 /* Location.swift */; };
		2F0969FC28821C7000200D45 /* LocationTests.swift in Sources */ = {isa = PBXBuildFile; fileRef = 2F0969FB28821C7000200D45 /* LocationTests.swift */; };
		2F0969FF28822A0C00200D45 /* TaskManagerTests.swift in Sources */ = {isa = PBXBuildFile; fileRef = 2F0969FE28822A0C00200D45 /* TaskManagerTests.swift */; };
		2F096A0228822AB800200D45 /* TaskManager.swift in Sources */ = {isa = PBXBuildFile; fileRef = 2F096A0128822AB800200D45 /* TaskManager.swift */; };
		2F096A052885DB9200200D45 /* TaskListViewControllerTests.swift in Sources */ = {isa = PBXBuildFile; fileRef = 2F096A042885DB9200200D45 /* TaskListViewControllerTests.swift */; };
		2F096A072885F09300200D45 /* DataProvider.swift in Sources */ = {isa = PBXBuildFile; fileRef = 2F096A062885F09300200D45 /* DataProvider.swift */; };
		2F096A092886607C00200D45 /* DataProviderTests.swift in Sources */ = {isa = PBXBuildFile; fileRef = 2F096A082886607C00200D45 /* DataProviderTests.swift */; };
		2F096A0B2888991A00200D45 /* TaskCell.swift in Sources */ = {isa = PBXBuildFile; fileRef = 2F096A0A2888991A00200D45 /* TaskCell.swift */; };
		2F51CFAF28813914003A8B39 /* AppDelegate.swift in Sources */ = {isa = PBXBuildFile; fileRef = 2F51CFAE28813914003A8B39 /* AppDelegate.swift */; };
		2F51CFB128813914003A8B39 /* SceneDelegate.swift in Sources */ = {isa = PBXBuildFile; fileRef = 2F51CFB028813914003A8B39 /* SceneDelegate.swift */; };
		2F51CFB328813914003A8B39 /* TaskListViewController.swift in Sources */ = {isa = PBXBuildFile; fileRef = 2F51CFB228813914003A8B39 /* TaskListViewController.swift */; };
		2F51CFB628813914003A8B39 /* Main.storyboard in Resources */ = {isa = PBXBuildFile; fileRef = 2F51CFB428813914003A8B39 /* Main.storyboard */; };
		2F51CFB828813914003A8B39 /* Assets.xcassets in Resources */ = {isa = PBXBuildFile; fileRef = 2F51CFB728813914003A8B39 /* Assets.xcassets */; };
		2F51CFBB28813914003A8B39 /* LaunchScreen.storyboard in Resources */ = {isa = PBXBuildFile; fileRef = 2F51CFB928813914003A8B39 /* LaunchScreen.storyboard */; };
		2F51CFC928813A52003A8B39 /* ToDoAppTests.swift in Sources */ = {isa = PBXBuildFile; fileRef = 2F51CFC828813A52003A8B39 /* ToDoAppTests.swift */; };
		2F51CFD628813A5D003A8B39 /* ToDoAppUITests.swift in Sources */ = {isa = PBXBuildFile; fileRef = 2F51CFD528813A5D003A8B39 /* ToDoAppUITests.swift */; };
		2F51CFD828813A5D003A8B39 /* ToDoAppUITestsLaunchTests.swift in Sources */ = {isa = PBXBuildFile; fileRef = 2F51CFD728813A5D003A8B39 /* ToDoAppUITestsLaunchTests.swift */; };
		2F51CFE328813D64003A8B39 /* TaskTest.swift in Sources */ = {isa = PBXBuildFile; fileRef = 2F51CFE228813D64003A8B39 /* TaskTest.swift */; };
		2F51CFE628813E87003A8B39 /* Task.swift in Sources */ = {isa = PBXBuildFile; fileRef = 2F51CFE528813E87003A8B39 /* Task.swift */; };
/* End PBXBuildFile section */

/* Begin PBXContainerItemProxy section */
		2F51CFCA28813A52003A8B39 /* PBXContainerItemProxy */ = {
			isa = PBXContainerItemProxy;
			containerPortal = 2F51CFA328813914003A8B39 /* Project object */;
			proxyType = 1;
			remoteGlobalIDString = 2F51CFAA28813914003A8B39;
			remoteInfo = ToDoApp;
		};
		2F51CFD928813A5D003A8B39 /* PBXContainerItemProxy */ = {
			isa = PBXContainerItemProxy;
			containerPortal = 2F51CFA328813914003A8B39 /* Project object */;
			proxyType = 1;
			remoteGlobalIDString = 2F51CFAA28813914003A8B39;
			remoteInfo = ToDoApp;
		};
/* End PBXContainerItemProxy section */

/* Begin PBXFileReference section */
		2F0969F9288216C500200D45 /* Location.swift */ = {isa = PBXFileReference; lastKnownFileType = sourcecode.swift; path = Location.swift; sourceTree = "<group>"; };
		2F0969FB28821C7000200D45 /* LocationTests.swift */ = {isa = PBXFileReference; lastKnownFileType = sourcecode.swift; path = LocationTests.swift; sourceTree = "<group>"; };
		2F0969FE28822A0C00200D45 /* TaskManagerTests.swift */ = {isa = PBXFileReference; lastKnownFileType = sourcecode.swift; path = TaskManagerTests.swift; sourceTree = "<group>"; };
		2F096A0128822AB800200D45 /* TaskManager.swift */ = {isa = PBXFileReference; lastKnownFileType = sourcecode.swift; path = TaskManager.swift; sourceTree = "<group>"; };
		2F096A042885DB9200200D45 /* TaskListViewControllerTests.swift */ = {isa = PBXFileReference; lastKnownFileType = sourcecode.swift; path = TaskListViewControllerTests.swift; sourceTree = "<group>"; };
		2F096A062885F09300200D45 /* DataProvider.swift */ = {isa = PBXFileReference; lastKnownFileType = sourcecode.swift; path = DataProvider.swift; sourceTree = "<group>"; };
		2F096A082886607C00200D45 /* DataProviderTests.swift */ = {isa = PBXFileReference; lastKnownFileType = sourcecode.swift; path = DataProviderTests.swift; sourceTree = "<group>"; };
		2F096A0A2888991A00200D45 /* TaskCell.swift */ = {isa = PBXFileReference; lastKnownFileType = sourcecode.swift; path = TaskCell.swift; sourceTree = "<group>"; };
		2F51CFAB28813914003A8B39 /* ToDoApp.app */ = {isa = PBXFileReference; explicitFileType = wrapper.application; includeInIndex = 0; path = ToDoApp.app; sourceTree = BUILT_PRODUCTS_DIR; };
		2F51CFAE28813914003A8B39 /* AppDelegate.swift */ = {isa = PBXFileReference; lastKnownFileType = sourcecode.swift; path = AppDelegate.swift; sourceTree = "<group>"; };
		2F51CFB028813914003A8B39 /* SceneDelegate.swift */ = {isa = PBXFileReference; lastKnownFileType = sourcecode.swift; path = SceneDelegate.swift; sourceTree = "<group>"; };
		2F51CFB228813914003A8B39 /* TaskListViewController.swift */ = {isa = PBXFileReference; lastKnownFileType = sourcecode.swift; path = TaskListViewController.swift; sourceTree = "<group>"; };
		2F51CFB528813914003A8B39 /* Base */ = {isa = PBXFileReference; lastKnownFileType = file.storyboard; name = Base; path = Base.lproj/Main.storyboard; sourceTree = "<group>"; };
		2F51CFB728813914003A8B39 /* Assets.xcassets */ = {isa = PBXFileReference; lastKnownFileType = folder.assetcatalog; path = Assets.xcassets; sourceTree = "<group>"; };
		2F51CFBA28813914003A8B39 /* Base */ = {isa = PBXFileReference; lastKnownFileType = file.storyboard; name = Base; path = Base.lproj/LaunchScreen.storyboard; sourceTree = "<group>"; };
		2F51CFC628813A52003A8B39 /* ToDoAppTests.xctest */ = {isa = PBXFileReference; explicitFileType = wrapper.cfbundle; includeInIndex = 0; path = ToDoAppTests.xctest; sourceTree = BUILT_PRODUCTS_DIR; };
		2F51CFC828813A52003A8B39 /* ToDoAppTests.swift */ = {isa = PBXFileReference; lastKnownFileType = sourcecode.swift; path = ToDoAppTests.swift; sourceTree = "<group>"; };
		2F51CFD328813A5D003A8B39 /* ToDoAppUITests.xctest */ = {isa = PBXFileReference; explicitFileType = wrapper.cfbundle; includeInIndex = 0; path = ToDoAppUITests.xctest; sourceTree = BUILT_PRODUCTS_DIR; };
		2F51CFD528813A5D003A8B39 /* ToDoAppUITests.swift */ = {isa = PBXFileReference; lastKnownFileType = sourcecode.swift; path = ToDoAppUITests.swift; sourceTree = "<group>"; };
		2F51CFD728813A5D003A8B39 /* ToDoAppUITestsLaunchTests.swift */ = {isa = PBXFileReference; lastKnownFileType = sourcecode.swift; path = ToDoAppUITestsLaunchTests.swift; sourceTree = "<group>"; };
		2F51CFE228813D64003A8B39 /* TaskTest.swift */ = {isa = PBXFileReference; lastKnownFileType = sourcecode.swift; path = TaskTest.swift; sourceTree = "<group>"; };
		2F51CFE528813E87003A8B39 /* Task.swift */ = {isa = PBXFileReference; lastKnownFileType = sourcecode.swift; path = Task.swift; sourceTree = "<group>"; };
/* End PBXFileReference section */

/* Begin PBXFrameworksBuildPhase section */
		2F51CFA828813914003A8B39 /* Frameworks */ = {
			isa = PBXFrameworksBuildPhase;
			buildActionMask = 2147483647;
			files = (
			);
			runOnlyForDeploymentPostprocessing = 0;
		};
		2F51CFC328813A52003A8B39 /* Frameworks */ = {
			isa = PBXFrameworksBuildPhase;
			buildActionMask = 2147483647;
			files = (
			);
			runOnlyForDeploymentPostprocessing = 0;
		};
		2F51CFD028813A5D003A8B39 /* Frameworks */ = {
			isa = PBXFrameworksBuildPhase;
			buildActionMask = 2147483647;
			files = (
			);
			runOnlyForDeploymentPostprocessing = 0;
		};
/* End PBXFrameworksBuildPhase section */

/* Begin PBXGroup section */
		2F0969FD288229E200200D45 /* Manager */ = {
			isa = PBXGroup;
			children = (
				2F0969FE28822A0C00200D45 /* TaskManagerTests.swift */,
			);
			path = Manager;
			sourceTree = "<group>";
		};
		2F096A0028822A9D00200D45 /* Manager */ = {
			isa = PBXGroup;
			children = (
				2F096A0128822AB800200D45 /* TaskManager.swift */,
			);
			path = Manager;
			sourceTree = "<group>";
		};
		2F096A032885DB6B00200D45 /* Controller */ = {
			isa = PBXGroup;
			children = (
				2F096A042885DB9200200D45 /* TaskListViewControllerTests.swift */,
				2F096A082886607C00200D45 /* DataProviderTests.swift */,
			);
			path = Controller;
			sourceTree = "<group>";
		};
		2F51CFA228813914003A8B39 = {
			isa = PBXGroup;
			children = (
				2F51CFAD28813914003A8B39 /* ToDoApp */,
				2F51CFC728813A52003A8B39 /* ToDoAppTests */,
				2F51CFD428813A5D003A8B39 /* ToDoAppUITests */,
				2F51CFAC28813914003A8B39 /* Products */,
			);
			sourceTree = "<group>";
		};
		2F51CFAC28813914003A8B39 /* Products */ = {
			isa = PBXGroup;
			children = (
				2F51CFAB28813914003A8B39 /* ToDoApp.app */,
				2F51CFC628813A52003A8B39 /* ToDoAppTests.xctest */,
				2F51CFD328813A5D003A8B39 /* ToDoAppUITests.xctest */,
			);
			name = Products;
			sourceTree = "<group>";
		};
		2F51CFAD28813914003A8B39 /* ToDoApp */ = {
			isa = PBXGroup;
			children = (
				2F096A0028822A9D00200D45 /* Manager */,
				2F51CFE028813B51003A8B39 /* Controller */,
				2F51CFDF28813B45003A8B39 /* View */,
				2F51CFDE28813B32003A8B39 /* Model */,
				2F51CFE128813B74003A8B39 /* Supporting files  */,
			);
			path = ToDoApp;
			sourceTree = "<group>";
		};
		2F51CFC728813A52003A8B39 /* ToDoAppTests */ = {
			isa = PBXGroup;
			children = (
				2F096A032885DB6B00200D45 /* Controller */,
				2F0969FD288229E200200D45 /* Manager */,
				2F51CFC828813A52003A8B39 /* ToDoAppTests.swift */,
				2F51CFE428813D78003A8B39 /* Model */,
			);
			path = ToDoAppTests;
			sourceTree = "<group>";
		};
		2F51CFD428813A5D003A8B39 /* ToDoAppUITests */ = {
			isa = PBXGroup;
			children = (
				2F51CFD528813A5D003A8B39 /* ToDoAppUITests.swift */,
				2F51CFD728813A5D003A8B39 /* ToDoAppUITestsLaunchTests.swift */,
			);
			path = ToDoAppUITests;
			sourceTree = "<group>";
		};
		2F51CFDE28813B32003A8B39 /* Model */ = {
			isa = PBXGroup;
			children = (
				2F51CFE528813E87003A8B39 /* Task.swift */,
				2F0969F9288216C500200D45 /* Location.swift */,
			);
			path = Model;
			sourceTree = "<group>";
		};
		2F51CFDF28813B45003A8B39 /* View */ = {
			isa = PBXGroup;
			children = (
				2F096A0A2888991A00200D45 /* TaskCell.swift */,
			);
			path = View;
			sourceTree = "<group>";
		};
		2F51CFE028813B51003A8B39 /* Controller */ = {
			isa = PBXGroup;
			children = (
				2F51CFB228813914003A8B39 /* TaskListViewController.swift */,
				2F096A062885F09300200D45 /* DataProvider.swift */,
			);
			path = Controller;
			sourceTree = "<group>";
		};
		2F51CFE128813B74003A8B39 /* Supporting files  */ = {
			isa = PBXGroup;
			children = (
				2F51CFAE28813914003A8B39 /* AppDelegate.swift */,
				2F51CFB028813914003A8B39 /* SceneDelegate.swift */,
				2F51CFB428813914003A8B39 /* Main.storyboard */,
				2F51CFB728813914003A8B39 /* Assets.xcassets */,
				2F51CFB928813914003A8B39 /* LaunchScreen.storyboard */,
			);
			path = "Supporting files ";
			sourceTree = "<group>";
		};
		2F51CFE428813D78003A8B39 /* Model */ = {
			isa = PBXGroup;
			children = (
				2F51CFE228813D64003A8B39 /* TaskTest.swift */,
				2F0969FB28821C7000200D45 /* LocationTests.swift */,
			);
			path = Model;
			sourceTree = "<group>";
		};
/* End PBXGroup section */

/* Begin PBXNativeTarget section */
		2F51CFAA28813914003A8B39 /* ToDoApp */ = {
			isa = PBXNativeTarget;
			buildConfigurationList = 2F51CFBF28813914003A8B39 /* Build configuration list for PBXNativeTarget "ToDoApp" */;
			buildPhases = (
				2F51CFA728813914003A8B39 /* Sources */,
				2F51CFA828813914003A8B39 /* Frameworks */,
				2F51CFA928813914003A8B39 /* Resources */,
			);
			buildRules = (
			);
			dependencies = (
			);
			name = ToDoApp;
			productName = ToDoApp;
			productReference = 2F51CFAB28813914003A8B39 /* ToDoApp.app */;
			productType = "com.apple.product-type.application";
		};
		2F51CFC528813A52003A8B39 /* ToDoAppTests */ = {
			isa = PBXNativeTarget;
			buildConfigurationList = 2F51CFCC28813A52003A8B39 /* Build configuration list for PBXNativeTarget "ToDoAppTests" */;
			buildPhases = (
				2F51CFC228813A52003A8B39 /* Sources */,
				2F51CFC328813A52003A8B39 /* Frameworks */,
				2F51CFC428813A52003A8B39 /* Resources */,
			);
			buildRules = (
			);
			dependencies = (
				2F51CFCB28813A52003A8B39 /* PBXTargetDependency */,
			);
			name = ToDoAppTests;
			productName = ToDoAppTests;
			productReference = 2F51CFC628813A52003A8B39 /* ToDoAppTests.xctest */;
			productType = "com.apple.product-type.bundle.unit-test";
		};
		2F51CFD228813A5D003A8B39 /* ToDoAppUITests */ = {
			isa = PBXNativeTarget;
			buildConfigurationList = 2F51CFDB28813A5D003A8B39 /* Build configuration list for PBXNativeTarget "ToDoAppUITests" */;
			buildPhases = (
				2F51CFCF28813A5D003A8B39 /* Sources */,
				2F51CFD028813A5D003A8B39 /* Frameworks */,
				2F51CFD128813A5D003A8B39 /* Resources */,
			);
			buildRules = (
			);
			dependencies = (
				2F51CFDA28813A5D003A8B39 /* PBXTargetDependency */,
			);
			name = ToDoAppUITests;
			productName = ToDoAppUITests;
			productReference = 2F51CFD328813A5D003A8B39 /* ToDoAppUITests.xctest */;
			productType = "com.apple.product-type.bundle.ui-testing";
		};
/* End PBXNativeTarget section */

/* Begin PBXProject section */
		2F51CFA328813914003A8B39 /* Project object */ = {
			isa = PBXProject;
			attributes = {
				BuildIndependentTargetsInParallel = 1;
				LastSwiftUpdateCheck = 1340;
				LastUpgradeCheck = 1340;
				TargetAttributes = {
					2F51CFAA28813914003A8B39 = {
						CreatedOnToolsVersion = 13.4.1;
					};
					2F51CFC528813A52003A8B39 = {
						CreatedOnToolsVersion = 13.4.1;
						TestTargetID = 2F51CFAA28813914003A8B39;
					};
					2F51CFD228813A5D003A8B39 = {
						CreatedOnToolsVersion = 13.4.1;
						TestTargetID = 2F51CFAA28813914003A8B39;
					};
				};
			};
			buildConfigurationList = 2F51CFA628813914003A8B39 /* Build configuration list for PBXProject "ToDoApp" */;
			compatibilityVersion = "Xcode 13.0";
			developmentRegion = en;
			hasScannedForEncodings = 0;
			knownRegions = (
				en,
				Base,
			);
			mainGroup = 2F51CFA228813914003A8B39;
			productRefGroup = 2F51CFAC28813914003A8B39 /* Products */;
			projectDirPath = "";
			projectRoot = "";
			targets = (
				2F51CFAA28813914003A8B39 /* ToDoApp */,
				2F51CFC528813A52003A8B39 /* ToDoAppTests */,
				2F51CFD228813A5D003A8B39 /* ToDoAppUITests */,
			);
		};
/* End PBXProject section */

/* Begin PBXResourcesBuildPhase section */
		2F51CFA928813914003A8B39 /* Resources */ = {
			isa = PBXResourcesBuildPhase;
			buildActionMask = 2147483647;
			files = (
				2F51CFBB28813914003A8B39 /* LaunchScreen.storyboard in Resources */,
				2F51CFB828813914003A8B39 /* Assets.xcassets in Resources */,
				2F51CFB628813914003A8B39 /* Main.storyboard in Resources */,
			);
			runOnlyForDeploymentPostprocessing = 0;
		};
		2F51CFC428813A52003A8B39 /* Resources */ = {
			isa = PBXResourcesBuildPhase;
			buildActionMask = 2147483647;
			files = (
			);
			runOnlyForDeploymentPostprocessing = 0;
		};
		2F51CFD128813A5D003A8B39 /* Resources */ = {
			isa = PBXResourcesBuildPhase;
			buildActionMask = 2147483647;
			files = (
			);
			runOnlyForDeploymentPostprocessing = 0;
		};
/* End PBXResourcesBuildPhase section */

/* Begin PBXSourcesBuildPhase section */
		2F51CFA728813914003A8B39 /* Sources */ = {
			isa = PBXSourcesBuildPhase;
			buildActionMask = 2147483647;
			files = (
				2F096A0228822AB800200D45 /* TaskManager.swift in Sources */,
				2F51CFE628813E87003A8B39 /* Task.swift in Sources */,
				2F51CFB328813914003A8B39 /* TaskListViewController.swift in Sources */,
				2F096A072885F09300200D45 /* DataProvider.swift in Sources */,
				2F096A0B2888991A00200D45 /* TaskCell.swift in Sources */,
				2F0969FA288216C500200D45 /* Location.swift in Sources */,
				2F51CFAF28813914003A8B39 /* AppDelegate.swift in Sources */,
				2F51CFB128813914003A8B39 /* SceneDelegate.swift in Sources */,
			);
			runOnlyForDeploymentPostprocessing = 0;
		};
		2F51CFC228813A52003A8B39 /* Sources */ = {
			isa = PBXSourcesBuildPhase;
			buildActionMask = 2147483647;
			files = (
				2F51CFE328813D64003A8B39 /* TaskTest.swift in Sources */,
				2F0969FC28821C7000200D45 /* LocationTests.swift in Sources */,
				2F096A092886607C00200D45 /* DataProviderTests.swift in Sources */,
				2F0969FF28822A0C00200D45 /* TaskManagerTests.swift in Sources */,
				2F096A052885DB9200200D45 /* TaskListViewControllerTests.swift in Sources */,
				2F51CFC928813A52003A8B39 /* ToDoAppTests.swift in Sources */,
			);
			runOnlyForDeploymentPostprocessing = 0;
		};
		2F51CFCF28813A5D003A8B39 /* Sources */ = {
			isa = PBXSourcesBuildPhase;
			buildActionMask = 2147483647;
			files = (
				2F51CFD828813A5D003A8B39 /* ToDoAppUITestsLaunchTests.swift in Sources */,
				2F51CFD628813A5D003A8B39 /* ToDoAppUITests.swift in Sources */,
			);
			runOnlyForDeploymentPostprocessing = 0;
		};
/* End PBXSourcesBuildPhase section */

/* Begin PBXTargetDependency section */
		2F51CFCB28813A52003A8B39 /* PBXTargetDependency */ = {
			isa = PBXTargetDependency;
			target = 2F51CFAA28813914003A8B39 /* ToDoApp */;
			targetProxy = 2F51CFCA28813A52003A8B39 /* PBXContainerItemProxy */;
		};
		2F51CFDA28813A5D003A8B39 /* PBXTargetDependency */ = {
			isa = PBXTargetDependency;
			target = 2F51CFAA28813914003A8B39 /* ToDoApp */;
			targetProxy = 2F51CFD928813A5D003A8B39 /* PBXContainerItemProxy */;
		};
/* End PBXTargetDependency section */

/* Begin PBXVariantGroup section */
		2F51CFB428813914003A8B39 /* Main.storyboard */ = {
			isa = PBXVariantGroup;
			children = (
				2F51CFB528813914003A8B39 /* Base */,
			);
			name = Main.storyboard;
			sourceTree = "<group>";
		};
		2F51CFB928813914003A8B39 /* LaunchScreen.storyboard */ = {
			isa = PBXVariantGroup;
			children = (
				2F51CFBA28813914003A8B39 /* Base */,
			);
			name = LaunchScreen.storyboard;
			sourceTree = "<group>";
		};
/* End PBXVariantGroup section */

/* Begin XCBuildConfiguration section */
		2F51CFBD28813914003A8B39 /* Debug */ = {
			isa = XCBuildConfiguration;
			buildSettings = {
				ALWAYS_SEARCH_USER_PATHS = NO;
				CLANG_ANALYZER_NONNULL = YES;
				CLANG_ANALYZER_NUMBER_OBJECT_CONVERSION = YES_AGGRESSIVE;
				CLANG_CXX_LANGUAGE_STANDARD = "gnu++17";
				CLANG_ENABLE_MODULES = YES;
				CLANG_ENABLE_OBJC_ARC = YES;
				CLANG_ENABLE_OBJC_WEAK = YES;
				CLANG_WARN_BLOCK_CAPTURE_AUTORELEASING = YES;
				CLANG_WARN_BOOL_CONVERSION = YES;
				CLANG_WARN_COMMA = YES;
				CLANG_WARN_CONSTANT_CONVERSION = YES;
				CLANG_WARN_DEPRECATED_OBJC_IMPLEMENTATIONS = YES;
				CLANG_WARN_DIRECT_OBJC_ISA_USAGE = YES_ERROR;
				CLANG_WARN_DOCUMENTATION_COMMENTS = YES;
				CLANG_WARN_EMPTY_BODY = YES;
				CLANG_WARN_ENUM_CONVERSION = YES;
				CLANG_WARN_INFINITE_RECURSION = YES;
				CLANG_WARN_INT_CONVERSION = YES;
				CLANG_WARN_NON_LITERAL_NULL_CONVERSION = YES;
				CLANG_WARN_OBJC_IMPLICIT_RETAIN_SELF = YES;
				CLANG_WARN_OBJC_LITERAL_CONVERSION = YES;
				CLANG_WARN_OBJC_ROOT_CLASS = YES_ERROR;
				CLANG_WARN_QUOTED_INCLUDE_IN_FRAMEWORK_HEADER = YES;
				CLANG_WARN_RANGE_LOOP_ANALYSIS = YES;
				CLANG_WARN_STRICT_PROTOTYPES = YES;
				CLANG_WARN_SUSPICIOUS_MOVE = YES;
				CLANG_WARN_UNGUARDED_AVAILABILITY = YES_AGGRESSIVE;
				CLANG_WARN_UNREACHABLE_CODE = YES;
				CLANG_WARN__DUPLICATE_METHOD_MATCH = YES;
				COPY_PHASE_STRIP = NO;
				DEBUG_INFORMATION_FORMAT = dwarf;
				ENABLE_STRICT_OBJC_MSGSEND = YES;
				ENABLE_TESTABILITY = YES;
				GCC_C_LANGUAGE_STANDARD = gnu11;
				GCC_DYNAMIC_NO_PIC = NO;
				GCC_NO_COMMON_BLOCKS = YES;
				GCC_OPTIMIZATION_LEVEL = 0;
				GCC_PREPROCESSOR_DEFINITIONS = (
					"DEBUG=1",
					"$(inherited)",
				);
				GCC_WARN_64_TO_32_BIT_CONVERSION = YES;
				GCC_WARN_ABOUT_RETURN_TYPE = YES_ERROR;
				GCC_WARN_UNDECLARED_SELECTOR = YES;
				GCC_WARN_UNINITIALIZED_AUTOS = YES_AGGRESSIVE;
				GCC_WARN_UNUSED_FUNCTION = YES;
				GCC_WARN_UNUSED_VARIABLE = YES;
				IPHONEOS_DEPLOYMENT_TARGET = 15.5;
				MTL_ENABLE_DEBUG_INFO = INCLUDE_SOURCE;
				MTL_FAST_MATH = YES;
				ONLY_ACTIVE_ARCH = YES;
				SDKROOT = iphoneos;
				SWIFT_ACTIVE_COMPILATION_CONDITIONS = DEBUG;
				SWIFT_OPTIMIZATION_LEVEL = "-Onone";
			};
			name = Debug;
		};
		2F51CFBE28813914003A8B39 /* Release */ = {
			isa = XCBuildConfiguration;
			buildSettings = {
				ALWAYS_SEARCH_USER_PATHS = NO;
				CLANG_ANALYZER_NONNULL = YES;
				CLANG_ANALYZER_NUMBER_OBJECT_CONVERSION = YES_AGGRESSIVE;
				CLANG_CXX_LANGUAGE_STANDARD = "gnu++17";
				CLANG_ENABLE_MODULES = YES;
				CLANG_ENABLE_OBJC_ARC = YES;
				CLANG_ENABLE_OBJC_WEAK = YES;
				CLANG_WARN_BLOCK_CAPTURE_AUTORELEASING = YES;
				CLANG_WARN_BOOL_CONVERSION = YES;
				CLANG_WARN_COMMA = YES;
				CLANG_WARN_CONSTANT_CONVERSION = YES;
				CLANG_WARN_DEPRECATED_OBJC_IMPLEMENTATIONS = YES;
				CLANG_WARN_DIRECT_OBJC_ISA_USAGE = YES_ERROR;
				CLANG_WARN_DOCUMENTATION_COMMENTS = YES;
				CLANG_WARN_EMPTY_BODY = YES;
				CLANG_WARN_ENUM_CONVERSION = YES;
				CLANG_WARN_INFINITE_RECURSION = YES;
				CLANG_WARN_INT_CONVERSION = YES;
				CLANG_WARN_NON_LITERAL_NULL_CONVERSION = YES;
				CLANG_WARN_OBJC_IMPLICIT_RETAIN_SELF = YES;
				CLANG_WARN_OBJC_LITERAL_CONVERSION = YES;
				CLANG_WARN_OBJC_ROOT_CLASS = YES_ERROR;
				CLANG_WARN_QUOTED_INCLUDE_IN_FRAMEWORK_HEADER = YES;
				CLANG_WARN_RANGE_LOOP_ANALYSIS = YES;
				CLANG_WARN_STRICT_PROTOTYPES = YES;
				CLANG_WARN_SUSPICIOUS_MOVE = YES;
				CLANG_WARN_UNGUARDED_AVAILABILITY = YES_AGGRESSIVE;
				CLANG_WARN_UNREACHABLE_CODE = YES;
				CLANG_WARN__DUPLICATE_METHOD_MATCH = YES;
				COPY_PHASE_STRIP = NO;
				DEBUG_INFORMATION_FORMAT = "dwarf-with-dsym";
				ENABLE_NS_ASSERTIONS = NO;
				ENABLE_STRICT_OBJC_MSGSEND = YES;
				GCC_C_LANGUAGE_STANDARD = gnu11;
				GCC_NO_COMMON_BLOCKS = YES;
				GCC_WARN_64_TO_32_BIT_CONVERSION = YES;
				GCC_WARN_ABOUT_RETURN_TYPE = YES_ERROR;
				GCC_WARN_UNDECLARED_SELECTOR = YES;
				GCC_WARN_UNINITIALIZED_AUTOS = YES_AGGRESSIVE;
				GCC_WARN_UNUSED_FUNCTION = YES;
				GCC_WARN_UNUSED_VARIABLE = YES;
				IPHONEOS_DEPLOYMENT_TARGET = 15.5;
				MTL_ENABLE_DEBUG_INFO = NO;
				MTL_FAST_MATH = YES;
				SDKROOT = iphoneos;
				SWIFT_COMPILATION_MODE = wholemodule;
				SWIFT_OPTIMIZATION_LEVEL = "-O";
				VALIDATE_PRODUCT = YES;
			};
			name = Release;
		};
		2F51CFC028813914003A8B39 /* Debug */ = {
			isa = XCBuildConfiguration;
			buildSettings = {
				ASSETCATALOG_COMPILER_APPICON_NAME = AppIcon;
				ASSETCATALOG_COMPILER_GLOBAL_ACCENT_COLOR_NAME = AccentColor;
				CODE_SIGN_STYLE = Automatic;
				CURRENT_PROJECT_VERSION = 1;
				DEVELOPMENT_ASSET_PATHS = ToDoApp/Info.plist;
				GENERATE_INFOPLIST_FILE = YES;
				INFOPLIST_FILE = ToDoApp/Info.plist;
				INFOPLIST_KEY_NSCameraUsageDescription = "Let me use your camera";
				INFOPLIST_KEY_UIApplicationSupportsIndirectInputEvents = YES;
				INFOPLIST_KEY_UILaunchStoryboardName = LaunchScreen;
				INFOPLIST_KEY_UIMainStoryboardFile = Main;
				INFOPLIST_KEY_UISupportedInterfaceOrientations_iPad = "UIInterfaceOrientationPortrait UIInterfaceOrientationPortraitUpsideDown UIInterfaceOrientationLandscapeLeft UIInterfaceOrientationLandscapeRight";
				INFOPLIST_KEY_UISupportedInterfaceOrientations_iPhone = "UIInterfaceOrientationPortrait UIInterfaceOrientationLandscapeLeft UIInterfaceOrientationLandscapeRight";
				LD_RUNPATH_SEARCH_PATHS = (
					"$(inherited)",
					"@executable_path/Frameworks",
				);
				MARKETING_VERSION = 1.0;
				PRODUCT_BUNDLE_IDENTIFIER = com.kosarsute.ToDoApp;
				PRODUCT_NAME = "$(TARGET_NAME)";
				SWIFT_EMIT_LOC_STRINGS = YES;
				SWIFT_VERSION = 5.0;
				TARGETED_DEVICE_FAMILY = "1,2";
			};
			name = Debug;
		};
		2F51CFC128813914003A8B39 /* Release */ = {
			isa = XCBuildConfiguration;
			buildSettings = {
				ASSETCATALOG_COMPILER_APPICON_NAME = AppIcon;
				ASSETCATALOG_COMPILER_GLOBAL_ACCENT_COLOR_NAME = AccentColor;
				CODE_SIGN_STYLE = Automatic;
				CURRENT_PROJECT_VERSION = 1;
				DEVELOPMENT_ASSET_PATHS = ToDoApp/Info.plist;
				GENERATE_INFOPLIST_FILE = YES;
				INFOPLIST_FILE = ToDoApp/Info.plist;
				INFOPLIST_KEY_NSCameraUsageDescription = "Let me use your camera";
				INFOPLIST_KEY_UIApplicationSupportsIndirectInputEvents = YES;
				INFOPLIST_KEY_UILaunchStoryboardName = LaunchScreen;
				INFOPLIST_KEY_UIMainStoryboardFile = Main;
				INFOPLIST_KEY_UISupportedInterfaceOrientations_iPad = "UIInterfaceOrientationPortrait UIInterfaceOrientationPortraitUpsideDown UIInterfaceOrientationLandscapeLeft UIInterfaceOrientationLandscapeRight";
				INFOPLIST_KEY_UISupportedInterfaceOrientations_iPhone = "UIInterfaceOrientationPortrait UIInterfaceOrientationLandscapeLeft UIInterfaceOrientationLandscapeRight";
				LD_RUNPATH_SEARCH_PATHS = (
					"$(inherited)",
					"@executable_path/Frameworks",
				);
				MARKETING_VERSION = 1.0;
				PRODUCT_BUNDLE_IDENTIFIER = com.kosarsute.ToDoApp;
				PRODUCT_NAME = "$(TARGET_NAME)";
				SWIFT_EMIT_LOC_STRINGS = YES;
				SWIFT_VERSION = 5.0;
				TARGETED_DEVICE_FAMILY = "1,2";
			};
			name = Release;
		};
		2F51CFCD28813A52003A8B39 /* Debug */ = {
			isa = XCBuildConfiguration;
			buildSettings = {
				BUNDLE_LOADER = "$(TEST_HOST)";
				CODE_SIGN_STYLE = Automatic;
				CURRENT_PROJECT_VERSION = 1;
				GENERATE_INFOPLIST_FILE = YES;
				MARKETING_VERSION = 1.0;
				PRODUCT_BUNDLE_IDENTIFIER = com.kosarsute.ToDoAppTests;
				PRODUCT_NAME = "$(TARGET_NAME)";
				SWIFT_EMIT_LOC_STRINGS = NO;
				SWIFT_VERSION = 5.0;
				TARGETED_DEVICE_FAMILY = "1,2";
				TEST_HOST = "$(BUILT_PRODUCTS_DIR)/ToDoApp.app/ToDoApp";
			};
			name = Debug;
		};
		2F51CFCE28813A52003A8B39 /* Release */ = {
			isa = XCBuildConfiguration;
			buildSettings = {
				BUNDLE_LOADER = "$(TEST_HOST)";
				CODE_SIGN_STYLE = Automatic;
				CURRENT_PROJECT_VERSION = 1;
				GENERATE_INFOPLIST_FILE = YES;
				MARKETING_VERSION = 1.0;
				PRODUCT_BUNDLE_IDENTIFIER = com.kosarsute.ToDoAppTests;
				PRODUCT_NAME = "$(TARGET_NAME)";
				SWIFT_EMIT_LOC_STRINGS = NO;
				SWIFT_VERSION = 5.0;
				TARGETED_DEVICE_FAMILY = "1,2";
				TEST_HOST = "$(BUILT_PRODUCTS_DIR)/ToDoApp.app/ToDoApp";
			};
			name = Release;
		};
		2F51CFDC28813A5D003A8B39 /* Debug */ = {
			isa = XCBuildConfiguration;
			buildSettings = {
				CODE_SIGN_STYLE = Automatic;
				CURRENT_PROJECT_VERSION = 1;
				GENERATE_INFOPLIST_FILE = YES;
				MARKETING_VERSION = 1.0;
				PRODUCT_BUNDLE_IDENTIFIER = com.kosarsute.ToDoAppUITests;
				PRODUCT_NAME = "$(TARGET_NAME)";
				SWIFT_EMIT_LOC_STRINGS = NO;
				SWIFT_VERSION = 5.0;
				TARGETED_DEVICE_FAMILY = "1,2";
				TEST_TARGET_NAME = ToDoApp;
			};
			name = Debug;
		};
		2F51CFDD28813A5D003A8B39 /* Release */ = {
			isa = XCBuildConfiguration;
			buildSettings = {
				CODE_SIGN_STYLE = Automatic;
				CURRENT_PROJECT_VERSION = 1;
				GENERATE_INFOPLIST_FILE = YES;
				MARKETING_VERSION = 1.0;
				PRODUCT_BUNDLE_IDENTIFIER = com.kosarsute.ToDoAppUITests;
				PRODUCT_NAME = "$(TARGET_NAME)";
				SWIFT_EMIT_LOC_STRINGS = NO;
				SWIFT_VERSION = 5.0;
				TARGETED_DEVICE_FAMILY = "1,2";
				TEST_TARGET_NAME = ToDoApp;
			};
			name = Release;
		};
/* End XCBuildConfiguration section */

/* Begin XCConfigurationList section */
		2F51CFA628813914003A8B39 /* Build configuration list for PBXProject "ToDoApp" */ = {
			isa = XCConfigurationList;
			buildConfigurations = (
				2F51CFBD28813914003A8B39 /* Debug */,
				2F51CFBE28813914003A8B39 /* Release */,
			);
			defaultConfigurationIsVisible = 0;
			defaultConfigurationName = Release;
		};
		2F51CFBF28813914003A8B39 /* Build configuration list for PBXNativeTarget "ToDoApp" */ = {
			isa = XCConfigurationList;
			buildConfigurations = (
				2F51CFC028813914003A8B39 /* Debug */,
				2F51CFC128813914003A8B39 /* Release */,
			);
			defaultConfigurationIsVisible = 0;
			defaultConfigurationName = Release;
		};
		2F51CFCC28813A52003A8B39 /* Build configuration list for PBXNativeTarget "ToDoAppTests" */ = {
			isa = XCConfigurationList;
			buildConfigurations = (
				2F51CFCD28813A52003A8B39 /* Debug */,
				2F51CFCE28813A52003A8B39 /* Release */,
			);
			defaultConfigurationIsVisible = 0;
			defaultConfigurationName = Release;
		};
		2F51CFDB28813A5D003A8B39 /* Build configuration list for PBXNativeTarget "ToDoAppUITests" */ = {
			isa = XCConfigurationList;
			buildConfigurations = (
				2F51CFDC28813A5D003A8B39 /* Debug */,
				2F51CFDD28813A5D003A8B39 /* Release */,
			);
			defaultConfigurationIsVisible = 0;
			defaultConfigurationName = Release;
		};
/* End XCConfigurationList section */
	};
	rootObject = 2F51CFA328813914003A8B39 /* Project object */;
}
